
Microsoft Visual Studio Solution File, Format Version 10.00
# Visual Studio 2008
Project("{FAE04EC0-301F-11D3-BF4B-00C04F79EFBC}") = "DomainModel", "DomainModel\DomainModel.csproj", "{CFF86C97-583A-4A54-BEB5-9A9FC5E0EA05}"
EndProject
Project("{E24C65DC-7377-472B-9ABA-BC803B73C61A}") = "WebUI", "WebUI", "{7653E8B9-BABE-4D50-BC7C-D93AD9FE788D}"
	ProjectSection(WebsiteProperties) = preProject
		TargetFramework = "3.5"
		Debug.AspNetCompiler.VirtualPath = "/WebUI"
		Debug.AspNetCompiler.PhysicalPath = "..\WebUI\"
		Debug.AspNetCompiler.TargetPath = "PrecompiledWeb\WebUI\"
		Debug.AspNetCompiler.Updateable = "true"
		Debug.AspNetCompiler.ForceOverwrite = "true"
		Debug.AspNetCompiler.FixedNames = "false"
		Debug.AspNetCompiler.Debug = "True"
		Release.AspNetCompiler.VirtualPath = "/WebUI"
		Release.AspNetCompiler.PhysicalPath = "..\WebUI\"
		Release.AspNetCompiler.TargetPath = "PrecompiledWeb\WebUI\"
		Release.AspNetCompiler.Updateable = "true"
		Release.AspNetCompiler.ForceOverwrite = "true"
		Release.AspNetCompiler.FixedNames = "false"
		Release.AspNetCompiler.Debug = "False"
		VWDPort = "2038"
	EndProjectSection
EndProject
Global
	GlobalSection(SolutionConfigurationPlatforms) = preSolution
		Debug|Any CPU = Debug|Any CPU
		Release|Any CPU = Release|Any CPU
	EndGlobalSection
	GlobalSection(ProjectConfigurationPlatforms) = postSolution
		{CFF86C97-583A-4A54-BEB5-9A9FC5E0EA05}.Debug|Any CPU.ActiveCfg = Debug|Any CPU
		{CFF86C97-583A-4A54-BEB5-9A9FC5E0EA05}.Debug|Any CPU.Build.0 = Debug|Any CPU
		{CFF86C97-583A-4A54-BEB5-9A9FC5E0EA05}.Release|Any CPU.ActiveCfg = Release|Any CPU
		{CFF86C97-583A-4A54-BEB5-9A9FC5E0EA05}.Release|Any CPU.Build.0 = Release|Any CPU
		{7653E8B9-BABE-4D50-BC7C-D93AD9FE788D}.Debug|Any CPU.ActiveCfg = Debug|Any CPU
		{7653E8B9-BABE-4D50-BC7C-D93AD9FE788D}.Debug|Any CPU.Build.0 = Debug|Any CPU
		{7653E8B9-BABE-4D50-BC7C-D93AD9FE788D}.Release|Any CPU.ActiveCfg = Debug|Any CPU
		{7653E8B9-BABE-4D50-BC7C-D93AD9FE788D}.Release|Any CPU.Build.0 = Debug|Any CPU
	EndGlobalSection
	GlobalSection(SolutionProperties) = preSolution
		HideSolutionNode = FALSE
	EndGlobalSection
EndGlobal
