
Microsoft Visual Studio Solution File, Format Version 10.00
# Visual Studio 2008
Project("{FAE04EC0-301F-11D3-BF4B-00C04F79EFBC}") = "SlickTicket.DomainModel", "SlickTicket.DomainModel\SlickTicket.DomainModel.csproj", "{6C53DAB7-F171-49EA-B275-D3855C34EAB9}"
EndProject
Project("{FAE04EC0-301F-11D3-BF4B-00C04F79EFBC}") = "SlickTicket.Tests", "SlickTicket.Tests\SlickTicket.Tests.csproj", "{9EA7698C-6572-468E-BE3B-62C9DB675970}"
EndProject
Project("{E24C65DC-7377-472B-9ABA-BC803B73C61A}") = "SlickTicket.WebUI", "SlickTicket.WebUI\", "{F89D7969-A9DA-4BA5-94F5-3EB1BC2436BC}"
	ProjectSection(WebsiteProperties) = preProject
		TargetFramework = "3.5"
		ProjectReferences = "{6C53DAB7-F171-49EA-B275-D3855C34EAB9}|SlickTicket.DomainModel.dll;"
		Debug.AspNetCompiler.VirtualPath = "/SlickTicket.WebUI"
		Debug.AspNetCompiler.PhysicalPath = "SlickTicket.WebUI\"
		Debug.AspNetCompiler.TargetPath = "PrecompiledWeb\SlickTicket.WebUI\"
		Debug.AspNetCompiler.Updateable = "true"
		Debug.AspNetCompiler.ForceOverwrite = "true"
		Debug.AspNetCompiler.FixedNames = "false"
		Debug.AspNetCompiler.Debug = "True"
		Release.AspNetCompiler.VirtualPath = "/SlickTicket.WebUI"
		Release.AspNetCompiler.PhysicalPath = "SlickTicket.WebUI\"
		Release.AspNetCompiler.TargetPath = "PrecompiledWeb\SlickTicket.WebUI\"
		Release.AspNetCompiler.Updateable = "true"
		Release.AspNetCompiler.ForceOverwrite = "true"
		Release.AspNetCompiler.FixedNames = "false"
		Release.AspNetCompiler.Debug = "False"
		VWDPort = "4528"
	EndProjectSection
EndProject
Project("{FAE04EC0-301F-11D3-BF4B-00C04F79EFBC}") = "SlickTicket.EmailParser", "SlickTicket.EmailParser\SlickTicket.EmailParser.csproj", "{8D588D25-8F8A-4C36-8882-92809CF7ED00}"
EndProject
Project("{FAE04EC0-301F-11D3-BF4B-00C04F79EFBC}") = "SlickTicket.Screenshooter", "SlickTicket.Screenshooter\SlickTicket.Screenshooter.csproj", "{1C14FCA8-B30C-4DEA-B1FB-9A16AC2932C8}"
EndProject
Global
	GlobalSection(SolutionConfigurationPlatforms) = preSolution
		Debug|Any CPU = Debug|Any CPU
		Release|Any CPU = Release|Any CPU
	EndGlobalSection
	GlobalSection(ProjectConfigurationPlatforms) = postSolution
		{6C53DAB7-F171-49EA-B275-D3855C34EAB9}.Debug|Any CPU.ActiveCfg = Debug|Any CPU
		{6C53DAB7-F171-49EA-B275-D3855C34EAB9}.Debug|Any CPU.Build.0 = Debug|Any CPU
		{6C53DAB7-F171-49EA-B275-D3855C34EAB9}.Release|Any CPU.ActiveCfg = Release|Any CPU
		{6C53DAB7-F171-49EA-B275-D3855C34EAB9}.Release|Any CPU.Build.0 = Release|Any CPU
		{9EA7698C-6572-468E-BE3B-62C9DB675970}.Debug|Any CPU.ActiveCfg = Debug|Any CPU
		{9EA7698C-6572-468E-BE3B-62C9DB675970}.Debug|Any CPU.Build.0 = Debug|Any CPU
		{9EA7698C-6572-468E-BE3B-62C9DB675970}.Release|Any CPU.ActiveCfg = Release|Any CPU
		{9EA7698C-6572-468E-BE3B-62C9DB675970}.Release|Any CPU.Build.0 = Release|Any CPU
		{F89D7969-A9DA-4BA5-94F5-3EB1BC2436BC}.Debug|Any CPU.ActiveCfg = Debug|Any CPU
		{F89D7969-A9DA-4BA5-94F5-3EB1BC2436BC}.Debug|Any CPU.Build.0 = Debug|Any CPU
		{F89D7969-A9DA-4BA5-94F5-3EB1BC2436BC}.Release|Any CPU.ActiveCfg = Debug|Any CPU
		{F89D7969-A9DA-4BA5-94F5-3EB1BC2436BC}.Release|Any CPU.Build.0 = Debug|Any CPU
		{8D588D25-8F8A-4C36-8882-92809CF7ED00}.Debug|Any CPU.ActiveCfg = Debug|Any CPU
		{8D588D25-8F8A-4C36-8882-92809CF7ED00}.Debug|Any CPU.Build.0 = Debug|Any CPU
		{8D588D25-8F8A-4C36-8882-92809CF7ED00}.Release|Any CPU.ActiveCfg = Release|Any CPU
		{8D588D25-8F8A-4C36-8882-92809CF7ED00}.Release|Any CPU.Build.0 = Release|Any CPU
		{1C14FCA8-B30C-4DEA-B1FB-9A16AC2932C8}.Debug|Any CPU.ActiveCfg = Debug|Any CPU
		{1C14FCA8-B30C-4DEA-B1FB-9A16AC2932C8}.Debug|Any CPU.Build.0 = Debug|Any CPU
		{1C14FCA8-B30C-4DEA-B1FB-9A16AC2932C8}.Release|Any CPU.ActiveCfg = Release|Any CPU
		{1C14FCA8-B30C-4DEA-B1FB-9A16AC2932C8}.Release|Any CPU.Build.0 = Release|Any CPU
	EndGlobalSection
	GlobalSection(SolutionProperties) = preSolution
		HideSolutionNode = FALSE
	EndGlobalSection
EndGlobal
